
Microsoft Visual Studio Solution File, Format Version 12.00
# Visual Studio Version 16
VisualStudioVersion = 16.0.29230.47
MinimumVisualStudioVersion = 10.0.40219.1
Project("{FAE04EC0-301F-11D3-BF4B-00C04F79EFBC}") = "L2_Algorithms_DataStructures", "L2_Algorithms_DataStructures.csproj", "{DAC03DA7-43FF-43B8-8715-6E22DFC5FC3A}"
EndProject
Global
	GlobalSection(SolutionConfigurationPlatforms) = preSolution
		Debug|Any CPU = Debug|Any CPU
		Release|Any CPU = Release|Any CPU
	EndGlobalSection
	GlobalSection(ProjectConfigurationPlatforms) = postSolution
		{DAC03DA7-43FF-43B8-8715-6E22DFC5FC3A}.Debug|Any CPU.ActiveCfg = Debug|Any CPU
		{DAC03DA7-43FF-43B8-8715-6E22DFC5FC3A}.Debug|Any CPU.Build.0 = Debug|Any CPU
		{DAC03DA7-43FF-43B8-8715-6E22DFC5FC3A}.Release|Any CPU.ActiveCfg = Release|Any CPU
		{DAC03DA7-43FF-43B8-8715-6E22DFC5FC3A}.Release|Any CPU.Build.0 = Release|Any CPU
	EndGlobalSection
	GlobalSection(SolutionProperties) = preSolution
		HideSolutionNode = FALSE
	EndGlobalSection
	GlobalSection(ExtensibilityGlobals) = postSolution
		SolutionGuid = {C25DBA1F-3B45-4A97-9A92-C5793102412B}
	EndGlobalSection
EndGlobal
